// !$*UTF8*$!
{
	archiveVersion = 1;
	classes = {
	};
	objectVersion = 46;
	objects = {

/* Begin PBXBuildFile section */
		043987B31BC63FF60025418A /* main.m in Sources */ = {isa = PBXBuildFile; fileRef = 043987B21BC63FF60025418A /* main.m */; };
		043987B61BC63FF60025418A /* AppDelegate.m in Sources */ = {isa = PBXBuildFile; fileRef = 043987B51BC63FF60025418A /* AppDelegate.m */; };
		043987B91BC63FF60025418A /* ViewController.m in Sources */ = {isa = PBXBuildFile; fileRef = 043987B81BC63FF60025418A /* ViewController.m */; };
		043987BC1BC63FF60025418A /* Main.storyboard in Resources */ = {isa = PBXBuildFile; fileRef = 043987BA1BC63FF60025418A /* Main.storyboard */; };
		043987BE1BC63FF60025418A /* Images.xcassets in Resources */ = {isa = PBXBuildFile; fileRef = 043987BD1BC63FF60025418A /* Images.xcassets */; };
		043987C11BC63FF60025418A /* LaunchScreen.xib in Resources */ = {isa = PBXBuildFile; fileRef = 043987BF1BC63FF60025418A /* LaunchScreen.xib */; };
		043987CD1BC63FF60025418A /* __Tests.m in Sources */ = {isa = PBXBuildFile; fileRef = 043987CC1BC63FF60025418A /* __Tests.m */; };
/* End PBXBuildFile section */

/* Begin PBXContainerItemProxy section */
		043987C71BC63FF60025418A /* PBXContainerItemProxy */ = {
			isa = PBXContainerItemProxy;
			containerPortal = 043987A51BC63FF60025418A /* Project object */;
			proxyType = 1;
			remoteGlobalIDString = 043987AC1BC63FF60025418A;
			remoteInfo = "微博";
		};
/* End PBXContainerItemProxy section */

/* Begin PBXFileReference section */
		043987AD1BC63FF60025418A /* 微博.app */ = {isa = PBXFileReference; explicitFileType = wrapper.application; includeInIndex = 0; path = "微博.app"; sourceTree = BUILT_PRODUCTS_DIR; };
		043987B11BC63FF60025418A /* Info.plist */ = {isa = PBXFileReference; lastKnownFileType = text.plist.xml; path = Info.plist; sourceTree = "<group>"; };
		043987B21BC63FF60025418A /* main.m */ = {isa = PBXFileReference; lastKnownFileType = sourcecode.c.objc; path = main.m; sourceTree = "<group>"; };
		043987B41BC63FF60025418A /* AppDelegate.h */ = {isa = PBXFileReference; lastKnownFileType = sourcecode.c.h; path = AppDelegate.h; sourceTree = "<group>"; };
		043987B51BC63FF60025418A /* AppDelegate.m */ = {isa = PBXFileReference; lastKnownFileType = sourcecode.c.objc; path = AppDelegate.m; sourceTree = "<group>"; };
		043987B71BC63FF60025418A /* ViewController.h */ = {isa = PBXFileReference; lastKnownFileType = sourcecode.c.h; path = ViewController.h; sourceTree = "<group>"; };
		043987B81BC63FF60025418A /* ViewController.m */ = {isa = PBXFileReference; lastKnownFileType = sourcecode.c.objc; path = ViewController.m; sourceTree = "<group>"; };
		043987BB1BC63FF60025418A /* Base */ = {isa = PBXFileReference; lastKnownFileType = file.storyboard; name = Base; path = Base.lproj/Main.storyboard; sourceTree = "<group>"; };
		043987BD1BC63FF60025418A /* Images.xcassets */ = {isa = PBXFileReference; lastKnownFileType = folder.assetcatalog; path = Images.xcassets; sourceTree = "<group>"; };
		043987C01BC63FF60025418A /* Base */ = {isa = PBXFileReference; lastKnownFileType = file.xib; name = Base; path = Base.lproj/LaunchScreen.xib; sourceTree = "<group>"; };
		043987C61BC63FF60025418A /* 微博Tests.xctest */ = {isa = PBXFileReference; explicitFileType = wrapper.cfbundle; includeInIndex = 0; path = "微博Tests.xctest"; sourceTree = BUILT_PRODUCTS_DIR; };
		043987CB1BC63FF60025418A /* Info.plist */ = {isa = PBXFileReference; lastKnownFileType = text.plist.xml; path = Info.plist; sourceTree = "<group>"; };
		043987CC1BC63FF60025418A /* __Tests.m */ = {isa = PBXFileReference; lastKnownFileType = sourcecode.c.objc; path = __Tests.m; sourceTree = "<group>"; };
/* End PBXFileReference section */

/* Begin PBXFrameworksBuildPhase section */
		043987AA1BC63FF60025418A /* Frameworks */ = {
			isa = PBXFrameworksBuildPhase;
			buildActionMask = 2147483647;
			files = (
			);
			runOnlyForDeploymentPostprocessing = 0;
		};
		043987C31BC63FF60025418A /* Frameworks */ = {
			isa = PBXFrameworksBuildPhase;
			buildActionMask = 2147483647;
			files = (
			);
			runOnlyForDeploymentPostprocessing = 0;
		};
/* End PBXFrameworksBuildPhase section */

/* Begin PBXGroup section */
		043987A41BC63FF60025418A = {
			isa = PBXGroup;
			children = (
				043987AF1BC63FF60025418A /* 微博 */,
				043987C91BC63FF60025418A /* 微博Tests */,
				043987AE1BC63FF60025418A /* Products */,
			);
			sourceTree = "<group>";
		};
		043987AE1BC63FF60025418A /* Products */ = {
			isa = PBXGroup;
			children = (
				043987AD1BC63FF60025418A /* 微博.app */,
				043987C61BC63FF60025418A /* 微博Tests.xctest */,
			);
			name = Products;
			sourceTree = "<group>";
		};
		043987AF1BC63FF60025418A /* 微博 */ = {
			isa = PBXGroup;
			children = (
				043987B41BC63FF60025418A /* AppDelegate.h */,
				043987B51BC63FF60025418A /* AppDelegate.m */,
				043987B71BC63FF60025418A /* ViewController.h */,
				043987B81BC63FF60025418A /* ViewController.m */,
				043987BA1BC63FF60025418A /* Main.storyboard */,
				043987BD1BC63FF60025418A /* Images.xcassets */,
				043987BF1BC63FF60025418A /* LaunchScreen.xib */,
				043987B01BC63FF60025418A /* Supporting Files */,
			);
			path = "微博";
			sourceTree = "<group>";
		};
		043987B01BC63FF60025418A /* Supporting Files */ = {
			isa = PBXGroup;
			children = (
				043987B11BC63FF60025418A /* Info.plist */,
				043987B21BC63FF60025418A /* main.m */,
			);
			name = "Supporting Files";
			sourceTree = "<group>";
		};
		043987C91BC63FF60025418A /* 微博Tests */ = {
			isa = PBXGroup;
			children = (
				043987CC1BC63FF60025418A /* __Tests.m */,
				043987CA1BC63FF60025418A /* Supporting Files */,
			);
			path = "微博Tests";
			sourceTree = "<group>";
		};
		043987CA1BC63FF60025418A /* Supporting Files */ = {
			isa = PBXGroup;
			children = (
				043987CB1BC63FF60025418A /* Info.plist */,
			);
			name = "Supporting Files";
			sourceTree = "<group>";
		};
/* End PBXGroup section */

/* Begin PBXNativeTarget section */
		043987AC1BC63FF60025418A /* 微博 */ = {
			isa = PBXNativeTarget;
			buildConfigurationList = 043987D01BC63FF60025418A /* Build configuration list for PBXNativeTarget "微博" */;
			buildPhases = (
				043987A91BC63FF60025418A /* Sources */,
				043987AA1BC63FF60025418A /* Frameworks */,
				043987AB1BC63FF60025418A /* Resources */,
			);
			buildRules = (
			);
			dependencies = (
			);
			name = "微博";
			productName = "微博";
			productReference = 043987AD1BC63FF60025418A /* 微博.app */;
			productType = "com.apple.product-type.application";
		};
		043987C51BC63FF60025418A /* 微博Tests */ = {
			isa = PBXNativeTarget;
			buildConfigurationList = 043987D31BC63FF60025418A /* Build configuration list for PBXNativeTarget "微博Tests" */;
			buildPhases = (
				043987C21BC63FF60025418A /* Sources */,
				043987C31BC63FF60025418A /* Frameworks */,
				043987C41BC63FF60025418A /* Resources */,
			);
			buildRules = (
			);
			dependencies = (
				043987C81BC63FF60025418A /* PBXTargetDependency */,
			);
			name = "微博Tests";
			productName = "微博Tests";
			productReference = 043987C61BC63FF60025418A /* 微博Tests.xctest */;
			productType = "com.apple.product-type.bundle.unit-test";
		};
/* End PBXNativeTarget section */

/* Begin PBXProject section */
		043987A51BC63FF60025418A /* Project object */ = {
			isa = PBXProject;
			attributes = {
				LastUpgradeCheck = 0620;
				ORGANIZATIONNAME = mac;
				TargetAttributes = {
					043987AC1BC63FF60025418A = {
						CreatedOnToolsVersion = 6.2;
					};
					043987C51BC63FF60025418A = {
						CreatedOnToolsVersion = 6.2;
						TestTargetID = 043987AC1BC63FF60025418A;
					};
				};
			};
			buildConfigurationList = 043987A81BC63FF60025418A /* Build configuration list for PBXProject "微博" */;
			compatibilityVersion = "Xcode 3.2";
			developmentRegion = English;
			hasScannedForEncodings = 0;
			knownRegions = (
				en,
				Base,
			);
			mainGroup = 043987A41BC63FF60025418A;
			productRefGroup = 043987AE1BC63FF60025418A /* Products */;
			projectDirPath = "";
			projectRoot = "";
			targets = (
				043987AC1BC63FF60025418A /* 微博 */,
				043987C51BC63FF60025418A /* 微博Tests */,
			);
		};
/* End PBXProject section */

/* Begin PBXResourcesBuildPhase section */
		043987AB1BC63FF60025418A /* Resources */ = {
			isa = PBXResourcesBuildPhase;
			buildActionMask = 2147483647;
			files = (
				043987BC1BC63FF60025418A /* Main.storyboard in Resources */,
				043987C11BC63FF60025418A /* LaunchScreen.xib in Resources */,
				043987BE1BC63FF60025418A /* Images.xcassets in Resources */,
			);
			runOnlyForDeploymentPostprocessing = 0;
		};
		043987C41BC63FF60025418A /* Resources */ = {
			isa = PBXResourcesBuildPhase;
			buildActionMask = 2147483647;
			files = (
			);
			runOnlyForDeploymentPostprocessing = 0;
		};
/* End PBXResourcesBuildPhase section */

/* Begin PBXSourcesBuildPhase section */
		043987A91BC63FF60025418A /* Sources */ = {
			isa = PBXSourcesBuildPhase;
			buildActionMask = 2147483647;
			files = (
				043987B91BC63FF60025418A /* ViewController.m in Sources */,
				043987B61BC63FF60025418A /* AppDelegate.m in Sources */,
				043987B31BC63FF60025418A /* main.m in Sources */,
			);
			runOnlyForDeploymentPostprocessing = 0;
		};
		043987C21BC63FF60025418A /* Sources */ = {
			isa = PBXSourcesBuildPhase;
			buildActionMask = 2147483647;
			files = (
				043987CD1BC63FF60025418A /* __Tests.m in Sources */,
			);
			runOnlyForDeploymentPostprocessing = 0;
		};
/* End PBXSourcesBuildPhase section */

/* Begin PBXTargetDependency section */
		043987C81BC63FF60025418A /* PBXTargetDependency */ = {
			isa = PBXTargetDependency;
			target = 043987AC1BC63FF60025418A /* 微博 */;
			targetProxy = 043987C71BC63FF60025418A /* PBXContainerItemProxy */;
		};
/* End PBXTargetDependency section */

/* Begin PBXVariantGroup section */
		043987BA1BC63FF60025418A /* Main.storyboard */ = {
			isa = PBXVariantGroup;
			children = (
				043987BB1BC63FF60025418A /* Base */,
			);
			name = Main.storyboard;
			sourceTree = "<group>";
		};
		043987BF1BC63FF60025418A /* LaunchScreen.xib */ = {
			isa = PBXVariantGroup;
			children = (
				043987C01BC63FF60025418A /* Base */,
			);
			name = LaunchScreen.xib;
			sourceTree = "<group>";
		};
/* End PBXVariantGroup section */

/* Begin XCBuildConfiguration section */
		043987CE1BC63FF60025418A /* Debug */ = {
			isa = XCBuildConfiguration;
			buildSettings = {
				ALWAYS_SEARCH_USER_PATHS = NO;
				CLANG_CXX_LANGUAGE_STANDARD = "gnu++0x";
				CLANG_CXX_LIBRARY = "libc++";
				CLANG_ENABLE_MODULES = YES;
				CLANG_ENABLE_OBJC_ARC = YES;
				CLANG_WARN_BOOL_CONVERSION = YES;
				CLANG_WARN_CONSTANT_CONVERSION = YES;
				CLANG_WARN_DIRECT_OBJC_ISA_USAGE = YES_ERROR;
				CLANG_WARN_EMPTY_BODY = YES;
				CLANG_WARN_ENUM_CONVERSION = YES;
				CLANG_WARN_INT_CONVERSION = YES;
				CLANG_WARN_OBJC_ROOT_CLASS = YES_ERROR;
				CLANG_WARN_UNREACHABLE_CODE = YES;
				CLANG_WARN__DUPLICATE_METHOD_MATCH = YES;
				"CODE_SIGN_IDENTITY[sdk=iphoneos*]" = "iPhone Developer";
				COPY_PHASE_STRIP = NO;
				ENABLE_STRICT_OBJC_MSGSEND = YES;
				GCC_C_LANGUAGE_STANDARD = gnu99;
				GCC_DYNAMIC_NO_PIC = NO;
				GCC_OPTIMIZATION_LEVEL = 0;
				GCC_PREPROCESSOR_DEFINITIONS = (
					"DEBUG=1",
					"$(inherited)",
				);
				GCC_SYMBOLS_PRIVATE_EXTERN = NO;
				GCC_WARN_64_TO_32_BIT_CONVERSION = YES;
				GCC_WARN_ABOUT_RETURN_TYPE = YES_ERROR;
				GCC_WARN_UNDECLARED_SELECTOR = YES;
				GCC_WARN_UNINITIALIZED_AUTOS = YES_AGGRESSIVE;
				GCC_WARN_UNUSED_FUNCTION = YES;
				GCC_WARN_UNUSED_VARIABLE = YES;
				IPHONEOS_DEPLOYMENT_TARGET = 8.2;
				MTL_ENABLE_DEBUG_INFO = YES;
				ONLY_ACTIVE_ARCH = YES;
				SDKROOT = iphoneos;
			};
			name = Debug;
		};
		043987CF1BC63FF60025418A /* Release */ = {
			isa = XCBuildConfiguration;
			buildSettings = {
				ALWAYS_SEARCH_USER_PATHS = NO;
				CLANG_CXX_LANGUAGE_STANDARD = "gnu++0x";
				CLANG_CXX_LIBRARY = "libc++";
				CLANG_ENABLE_MODULES = YES;
				CLANG_ENABLE_OBJC_ARC = YES;
				CLANG_WARN_BOOL_CONVERSION = YES;
				CLANG_WARN_CONSTANT_CONVERSION = YES;
				CLANG_WARN_DIRECT_OBJC_ISA_USAGE = YES_ERROR;
				CLANG_WARN_EMPTY_BODY = YES;
				CLANG_WARN_ENUM_CONVERSION = YES;
				CLANG_WARN_INT_CONVERSION = YES;
				CLANG_WARN_OBJC_ROOT_CLASS = YES_ERROR;
				CLANG_WARN_UNREACHABLE_CODE = YES;
				CLANG_WARN__DUPLICATE_METHOD_MATCH = YES;
				"CODE_SIGN_IDENTITY[sdk=iphoneos*]" = "iPhone Developer";
				COPY_PHASE_STRIP = NO;
				ENABLE_NS_ASSERTIONS = NO;
				ENABLE_STRICT_OBJC_MSGSEND = YES;
				GCC_C_LANGUAGE_STANDARD = gnu99;
				GCC_WARN_64_TO_32_BIT_CONVERSION = YES;
				GCC_WARN_ABOUT_RETURN_TYPE = YES_ERROR;
				GCC_WARN_UNDECLARED_SELECTOR = YES;
				GCC_WARN_UNINITIALIZED_AUTOS = YES_AGGRESSIVE;
				GCC_WARN_UNUSED_FUNCTION = YES;
				GCC_WARN_UNUSED_VARIABLE = YES;
				IPHONEOS_DEPLOYMENT_TARGET = 8.2;
				MTL_ENABLE_DEBUG_INFO = NO;
				SDKROOT = iphoneos;
				VALIDATE_PRODUCT = YES;
			};
			name = Release;
		};
		043987D11BC63FF60025418A /* Debug */ = {
			isa = XCBuildConfiguration;
			buildSettings = {
				ASSETCATALOG_COMPILER_APPICON_NAME = AppIcon;
				INFOPLIST_FILE = "微博/Info.plist";
				LD_RUNPATH_SEARCH_PATHS = "$(inherited) @executable_path/Frameworks";
				PRODUCT_NAME = "$(TARGET_NAME)";
			};
			name = Debug;
		};
		043987D21BC63FF60025418A /* Release */ = {
			isa = XCBuildConfiguration;
			buildSettings = {
				ASSETCATALOG_COMPILER_APPICON_NAME = AppIcon;
				INFOPLIST_FILE = "微博/Info.plist";
				LD_RUNPATH_SEARCH_PATHS = "$(inherited) @executable_path/Frameworks";
				PRODUCT_NAME = "$(TARGET_NAME)";
			};
			name = Release;
		};
		043987D41BC63FF60025418A /* Debug */ = {
			isa = XCBuildConfiguration;
			buildSettings = {
				BUNDLE_LOADER = "$(TEST_HOST)";
				FRAMEWORK_SEARCH_PATHS = (
					"$(SDKROOT)/Developer/Library/Frameworks",
					"$(inherited)",
				);
				GCC_PREPROCESSOR_DEFINITIONS = (
					"DEBUG=1",
					"$(inherited)",
				);
				INFOPLIST_FILE = "微博Tests/Info.plist";
				LD_RUNPATH_SEARCH_PATHS = "$(inherited) @executable_path/Frameworks @loader_path/Frameworks";
				PRODUCT_NAME = "$(TARGET_NAME)";
				TEST_HOST = "$(BUILT_PRODUCTS_DIR)/微博.app/微博";
			};
			name = Debug;
		};
		043987D51BC63FF60025418A /* Release */ = {
			isa = XCBuildConfiguration;
			buildSettings = {
				BUNDLE_LOADER = "$(TEST_HOST)";
				FRAMEWORK_SEARCH_PATHS = (
					"$(SDKROOT)/Developer/Library/Frameworks",
					"$(inherited)",
				);
				INFOPLIST_FILE = "微博Tests/Info.plist";
				LD_RUNPATH_SEARCH_PATHS = "$(inherited) @executable_path/Frameworks @loader_path/Frameworks";
				PRODUCT_NAME = "$(TARGET_NAME)";
				TEST_HOST = "$(BUILT_PRODUCTS_DIR)/微博.app/微博";
			};
			name = Release;
		};
/* End XCBuildConfiguration section */

/* Begin XCConfigurationList section */
		043987A81BC63FF60025418A /* Build configuration list for PBXProject "微博" */ = {
			isa = XCConfigurationList;
			buildConfigurations = (
				043987CE1BC63FF60025418A /* Debug */,
				043987CF1BC63FF60025418A /* Release */,
			);
			defaultConfigurationIsVisible = 0;
			defaultConfigurationName = Release;
		};
		043987D01BC63FF60025418A /* Build configuration list for PBXNativeTarget "微博" */ = {
			isa = XCConfigurationList;
			buildConfigurations = (
				043987D11BC63FF60025418A /* Debug */,
				043987D21BC63FF60025418A /* Release */,
			);
			defaultConfigurationIsVisible = 0;
		};
		043987D31BC63FF60025418A /* Build configuration list for PBXNativeTarget "微博Tests" */ = {
			isa = XCConfigurationList;
			buildConfigurations = (
				043987D41BC63FF60025418A /* Debug */,
				043987D51BC63FF60025418A /* Release */,
			);
			defaultConfigurationIsVisible = 0;
		};
/* End XCConfigurationList section */
	};
	rootObject = 043987A51BC63FF60025418A /* Project object */;
}
